{
  "name": "import-sub",
  "version": "1.1.0-beta",
  "lockfileVersion": 1,
  "requires": true,
  "dependencies": {
    "path-parse": {
      "version": "https://registry.npmjs.org/path-parse/-/path-parse-1.0.5.tgz",
      "integrity": "sha1-PBrfhx6pzWyUMbbqK9dKD/BVxME="
    },
    "resolve": {
      "version": "https://registry.npmjs.org/resolve/-/resolve-1.3.2.tgz",
      "integrity": "sha1-HwRCyeDLuBNuh7kwX5MvRsfygjU=",
      "requires": {
        "path-parse": "https://registry.npmjs.org/path-parse/-/path-parse-1.0.5.tgz"
      }
    }
  }
}
